// !$*UTF8*$!
{
	archiveVersion = 1;
	classes = {
	};
	objectVersion = 55;
	objects = {

/* Begin PBXBuildFile section */
		3C8E145928FCF5AF00C5DEB5 /* Kingfisher in Frameworks */ = {isa = PBXBuildFile; productRef = 3C8E145828FCF5AF00C5DEB5 /* Kingfisher */; };
		3CCBB49828F9966C005F87A4 /* NetworkLayer.swift in Sources */ = {isa = PBXBuildFile; fileRef = 3CCBB49728F9966C005F87A4 /* NetworkLayer.swift */; };
		3CCBB49A28F9986E005F87A4 /* NetworkErrors.swift in Sources */ = {isa = PBXBuildFile; fileRef = 3CCBB49928F9986E005F87A4 /* NetworkErrors.swift */; };
		3CCBB49F28F9A40D005F87A4 /* ImageCache.swift in Sources */ = {isa = PBXBuildFile; fileRef = 3CCBB49E28F9A40D005F87A4 /* ImageCache.swift */; };
		3CCBB4A128F9A436005F87A4 /* ImageItem.swift in Sources */ = {isa = PBXBuildFile; fileRef = 3CCBB4A028F9A436005F87A4 /* ImageItem.swift */; };
		3CCBB4A328F9A495005F87A4 /* ImageURLProtocol.swift in Sources */ = {isa = PBXBuildFile; fileRef = 3CCBB4A228F9A495005F87A4 /* ImageURLProtocol.swift */; };
		AA340BE328F760290091977F /* AppDelegate.swift in Sources */ = {isa = PBXBuildFile; fileRef = AA340BE228F760290091977F /* AppDelegate.swift */; };
		AA340BE528F760290091977F /* SceneDelegate.swift in Sources */ = {isa = PBXBuildFile; fileRef = AA340BE428F760290091977F /* SceneDelegate.swift */; };
		AA340BE728F760290091977F /* ViewController.swift in Sources */ = {isa = PBXBuildFile; fileRef = AA340BE628F760290091977F /* ViewController.swift */; };
		AA340BEA28F760290091977F /* Main.storyboard in Resources */ = {isa = PBXBuildFile; fileRef = AA340BE828F760290091977F /* Main.storyboard */; };
		AA340BEC28F7602D0091977F /* Assets.xcassets in Resources */ = {isa = PBXBuildFile; fileRef = AA340BEB28F7602D0091977F /* Assets.xcassets */; };
		AA340BEF28F7602D0091977F /* LaunchScreen.storyboard in Resources */ = {isa = PBXBuildFile; fileRef = AA340BED28F7602D0091977F /* LaunchScreen.storyboard */; };
		AA340BFA28F7602D0091977F /* EmployeeDirectoryTests.swift in Sources */ = {isa = PBXBuildFile; fileRef = AA340BF928F7602D0091977F /* EmployeeDirectoryTests.swift */; };
		AA340C0428F7602E0091977F /* EmployeeDirectoryUITests.swift in Sources */ = {isa = PBXBuildFile; fileRef = AA340C0328F7602E0091977F /* EmployeeDirectoryUITests.swift */; };
		AA340C0628F7602E0091977F /* EmployeeDirectoryUITestsLaunchTests.swift in Sources */ = {isa = PBXBuildFile; fileRef = AA340C0528F7602E0091977F /* EmployeeDirectoryUITestsLaunchTests.swift */; };
		AA340C1428F761550091977F /* APIManager.swift in Sources */ = {isa = PBXBuildFile; fileRef = AA340C1328F761550091977F /* APIManager.swift */; };
		AA340C1828F7642F0091977F /* EmployeeInfoModel.swift in Sources */ = {isa = PBXBuildFile; fileRef = AA340C1728F7642F0091977F /* EmployeeInfoModel.swift */; };
		AA340C1B28F767690091977F /* Constants.swift in Sources */ = {isa = PBXBuildFile; fileRef = AA340C1A28F767690091977F /* Constants.swift */; };
		AA340C1E28F773080091977F /* EmployeeListTableViewCell.swift in Sources */ = {isa = PBXBuildFile; fileRef = AA340C1D28F773080091977F /* EmployeeListTableViewCell.swift */; };
		AA340C2028F776710091977F /* EmployeeViewModel.swift in Sources */ = {isa = PBXBuildFile; fileRef = AA340C1F28F776710091977F /* EmployeeViewModel.swift */; };
		AA340C2228F77CFD0091977F /* EmployeeInfoViewController.swift in Sources */ = {isa = PBXBuildFile; fileRef = AA340C2128F77CFD0091977F /* EmployeeInfoViewController.swift */; };
/* End PBXBuildFile section */

/* Begin PBXContainerItemProxy section */
		AA340BF628F7602D0091977F /* PBXContainerItemProxy */ = {
			isa = PBXContainerItemProxy;
			containerPortal = AA340BD728F760290091977F /* Project object */;
			proxyType = 1;
			remoteGlobalIDString = AA340BDE28F760290091977F;
			remoteInfo = EmployeeDirectory;
		};
		AA340C0028F7602E0091977F /* PBXContainerItemProxy */ = {
			isa = PBXContainerItemProxy;
			containerPortal = AA340BD728F760290091977F /* Project object */;
			proxyType = 1;
			remoteGlobalIDString = AA340BDE28F760290091977F;
			remoteInfo = EmployeeDirectory;
		};
/* End PBXContainerItemProxy section */

/* Begin PBXFileReference section */
		3CCBB49728F9966C005F87A4 /* NetworkLayer.swift */ = {isa = PBXFileReference; lastKnownFileType = sourcecode.swift; path = NetworkLayer.swift; sourceTree = "<group>"; };
		3CCBB49928F9986E005F87A4 /* NetworkErrors.swift */ = {isa = PBXFileReference; lastKnownFileType = sourcecode.swift; path = NetworkErrors.swift; sourceTree = "<group>"; };
		3CCBB49E28F9A40D005F87A4 /* ImageCache.swift */ = {isa = PBXFileReference; lastKnownFileType = sourcecode.swift; path = ImageCache.swift; sourceTree = "<group>"; };
		3CCBB4A028F9A436005F87A4 /* ImageItem.swift */ = {isa = PBXFileReference; lastKnownFileType = sourcecode.swift; path = ImageItem.swift; sourceTree = "<group>"; };
		3CCBB4A228F9A495005F87A4 /* ImageURLProtocol.swift */ = {isa = PBXFileReference; lastKnownFileType = sourcecode.swift; path = ImageURLProtocol.swift; sourceTree = "<group>"; };
		AA340BDF28F760290091977F /* EmployeeDirectory.app */ = {isa = PBXFileReference; explicitFileType = wrapper.application; includeInIndex = 0; path = EmployeeDirectory.app; sourceTree = BUILT_PRODUCTS_DIR; };
		AA340BE228F760290091977F /* AppDelegate.swift */ = {isa = PBXFileReference; lastKnownFileType = sourcecode.swift; path = AppDelegate.swift; sourceTree = "<group>"; };
		AA340BE428F760290091977F /* SceneDelegate.swift */ = {isa = PBXFileReference; lastKnownFileType = sourcecode.swift; path = SceneDelegate.swift; sourceTree = "<group>"; };
		AA340BE628F760290091977F /* ViewController.swift */ = {isa = PBXFileReference; lastKnownFileType = sourcecode.swift; path = ViewController.swift; sourceTree = "<group>"; };
		AA340BE928F760290091977F /* Base */ = {isa = PBXFileReference; lastKnownFileType = file.storyboard; name = Base; path = Base.lproj/Main.storyboard; sourceTree = "<group>"; };
		AA340BEB28F7602D0091977F /* Assets.xcassets */ = {isa = PBXFileReference; lastKnownFileType = folder.assetcatalog; path = Assets.xcassets; sourceTree = "<group>"; };
		AA340BEE28F7602D0091977F /* Base */ = {isa = PBXFileReference; lastKnownFileType = file.storyboard; name = Base; path = Base.lproj/LaunchScreen.storyboard; sourceTree = "<group>"; };
		AA340BF028F7602D0091977F /* Info.plist */ = {isa = PBXFileReference; lastKnownFileType = text.plist.xml; path = Info.plist; sourceTree = "<group>"; };
		AA340BF528F7602D0091977F /* EmployeeDirectoryTests.xctest */ = {isa = PBXFileReference; explicitFileType = wrapper.cfbundle; includeInIndex = 0; path = EmployeeDirectoryTests.xctest; sourceTree = BUILT_PRODUCTS_DIR; };
		AA340BF928F7602D0091977F /* EmployeeDirectoryTests.swift */ = {isa = PBXFileReference; lastKnownFileType = sourcecode.swift; path = EmployeeDirectoryTests.swift; sourceTree = "<group>"; };
		AA340BFF28F7602E0091977F /* EmployeeDirectoryUITests.xctest */ = {isa = PBXFileReference; explicitFileType = wrapper.cfbundle; includeInIndex = 0; path = EmployeeDirectoryUITests.xctest; sourceTree = BUILT_PRODUCTS_DIR; };
		AA340C0328F7602E0091977F /* EmployeeDirectoryUITests.swift */ = {isa = PBXFileReference; lastKnownFileType = sourcecode.swift; path = EmployeeDirectoryUITests.swift; sourceTree = "<group>"; };
		AA340C0528F7602E0091977F /* EmployeeDirectoryUITestsLaunchTests.swift */ = {isa = PBXFileReference; lastKnownFileType = sourcecode.swift; path = EmployeeDirectoryUITestsLaunchTests.swift; sourceTree = "<group>"; };
		AA340C1328F761550091977F /* APIManager.swift */ = {isa = PBXFileReference; lastKnownFileType = sourcecode.swift; path = APIManager.swift; sourceTree = "<group>"; };
		AA340C1728F7642F0091977F /* EmployeeInfoModel.swift */ = {isa = PBXFileReference; lastKnownFileType = sourcecode.swift; path = EmployeeInfoModel.swift; sourceTree = "<group>"; };
		AA340C1A28F767690091977F /* Constants.swift */ = {isa = PBXFileReference; lastKnownFileType = sourcecode.swift; path = Constants.swift; sourceTree = "<group>"; };
		AA340C1D28F773080091977F /* EmployeeListTableViewCell.swift */ = {isa = PBXFileReference; lastKnownFileType = sourcecode.swift; path = EmployeeListTableViewCell.swift; sourceTree = "<group>"; };
		AA340C1F28F776710091977F /* EmployeeViewModel.swift */ = {isa = PBXFileReference; lastKnownFileType = sourcecode.swift; path = EmployeeViewModel.swift; sourceTree = "<group>"; };
		AA340C2128F77CFD0091977F /* EmployeeInfoViewController.swift */ = {isa = PBXFileReference; lastKnownFileType = sourcecode.swift; path = EmployeeInfoViewController.swift; sourceTree = "<group>"; };
/* End PBXFileReference section */

/* Begin PBXFrameworksBuildPhase section */
		AA340BDC28F760290091977F /* Frameworks */ = {
			isa = PBXFrameworksBuildPhase;
			buildActionMask = 2147483647;
			files = (
				3C8E145928FCF5AF00C5DEB5 /* Kingfisher in Frameworks */,
			);
			runOnlyForDeploymentPostprocessing = 0;
		};
		AA340BF228F7602D0091977F /* Frameworks */ = {
			isa = PBXFrameworksBuildPhase;
			buildActionMask = 2147483647;
			files = (
			);
			runOnlyForDeploymentPostprocessing = 0;
		};
		AA340BFC28F7602E0091977F /* Frameworks */ = {
			isa = PBXFrameworksBuildPhase;
			buildActionMask = 2147483647;
			files = (
			);
			runOnlyForDeploymentPostprocessing = 0;
		};
/* End PBXFrameworksBuildPhase section */

/* Begin PBXGroup section */
		3CCBB49D28F9A02D005F87A4 /* ViewModels */ = {
			isa = PBXGroup;
			children = (
				AA340C1F28F776710091977F /* EmployeeViewModel.swift */,
			);
			path = ViewModels;
			sourceTree = "<group>";
		};
		AA340BD628F760290091977F = {
			isa = PBXGroup;
			children = (
				AA340BE128F760290091977F /* EmployeeDirectory */,
				AA340BF828F7602D0091977F /* EmployeeDirectoryTests */,
				AA340C0228F7602E0091977F /* EmployeeDirectoryUITests */,
				AA340BE028F760290091977F /* Products */,
			);
			sourceTree = "<group>";
		};
		AA340BE028F760290091977F /* Products */ = {
			isa = PBXGroup;
			children = (
				AA340BDF28F760290091977F /* EmployeeDirectory.app */,
				AA340BF528F7602D0091977F /* EmployeeDirectoryTests.xctest */,
				AA340BFF28F7602E0091977F /* EmployeeDirectoryUITests.xctest */,
			);
			name = Products;
			sourceTree = "<group>";
		};
		AA340BE128F760290091977F /* EmployeeDirectory */ = {
			isa = PBXGroup;
			children = (
				AA340C1628F763ED0091977F /* Models */,
				AA340C1C28F7690B0091977F /* Views */,
				3CCBB49D28F9A02D005F87A4 /* ViewModels */,
				AA340C1928F767520091977F /* Misc */,
				AA340C1228F761120091977F /* Network */,
				AA340BE228F760290091977F /* AppDelegate.swift */,
				AA340BE428F760290091977F /* SceneDelegate.swift */,
				AA340BE628F760290091977F /* ViewController.swift */,
				AA340BE828F760290091977F /* Main.storyboard */,
				AA340BEB28F7602D0091977F /* Assets.xcassets */,
				AA340BED28F7602D0091977F /* LaunchScreen.storyboard */,
				AA340BF028F7602D0091977F /* Info.plist */,
			);
			path = EmployeeDirectory;
			sourceTree = "<group>";
		};
		AA340BF828F7602D0091977F /* EmployeeDirectoryTests */ = {
			isa = PBXGroup;
			children = (
				AA340BF928F7602D0091977F /* EmployeeDirectoryTests.swift */,
			);
			path = EmployeeDirectoryTests;
			sourceTree = "<group>";
		};
		AA340C0228F7602E0091977F /* EmployeeDirectoryUITests */ = {
			isa = PBXGroup;
			children = (
				AA340C0328F7602E0091977F /* EmployeeDirectoryUITests.swift */,
				AA340C0528F7602E0091977F /* EmployeeDirectoryUITestsLaunchTests.swift */,
			);
			path = EmployeeDirectoryUITests;
			sourceTree = "<group>";
		};
		AA340C1228F761120091977F /* Network */ = {
			isa = PBXGroup;
			children = (
				AA340C1328F761550091977F /* APIManager.swift */,
				3CCBB49728F9966C005F87A4 /* NetworkLayer.swift */,
				3CCBB49928F9986E005F87A4 /* NetworkErrors.swift */,
				3CCBB49E28F9A40D005F87A4 /* ImageCache.swift */,
				3CCBB4A028F9A436005F87A4 /* ImageItem.swift */,
				3CCBB4A228F9A495005F87A4 /* ImageURLProtocol.swift */,
			);
			path = Network;
			sourceTree = "<group>";
		};
		AA340C1628F763ED0091977F /* Models */ = {
			isa = PBXGroup;
			children = (
				AA340C1728F7642F0091977F /* EmployeeInfoModel.swift */,
			);
			path = Models;
			sourceTree = "<group>";
		};
		AA340C1928F767520091977F /* Misc */ = {
			isa = PBXGroup;
			children = (
				AA340C1A28F767690091977F /* Constants.swift */,
			);
			path = Misc;
			sourceTree = "<group>";
		};
		AA340C1C28F7690B0091977F /* Views */ = {
			isa = PBXGroup;
			children = (
				AA340C1D28F773080091977F /* EmployeeListTableViewCell.swift */,
				AA340C2128F77CFD0091977F /* EmployeeInfoViewController.swift */,
			);
			path = Views;
			sourceTree = "<group>";
		};
/* End PBXGroup section */

/* Begin PBXNativeTarget section */
		AA340BDE28F760290091977F /* EmployeeDirectory */ = {
			isa = PBXNativeTarget;
			buildConfigurationList = AA340C0928F7602E0091977F /* Build configuration list for PBXNativeTarget "EmployeeDirectory" */;
			buildPhases = (
				AA340BDB28F760290091977F /* Sources */,
				AA340BDC28F760290091977F /* Frameworks */,
				AA340BDD28F760290091977F /* Resources */,
			);
			buildRules = (
			);
			dependencies = (
			);
			name = EmployeeDirectory;
			packageProductDependencies = (
				3C8E145828FCF5AF00C5DEB5 /* Kingfisher */,
			);
			productName = EmployeeDirectory;
			productReference = AA340BDF28F760290091977F /* EmployeeDirectory.app */;
			productType = "com.apple.product-type.application";
		};
		AA340BF428F7602D0091977F /* EmployeeDirectoryTests */ = {
			isa = PBXNativeTarget;
			buildConfigurationList = AA340C0C28F7602E0091977F /* Build configuration list for PBXNativeTarget "EmployeeDirectoryTests" */;
			buildPhases = (
				AA340BF128F7602D0091977F /* Sources */,
				AA340BF228F7602D0091977F /* Frameworks */,
				AA340BF328F7602D0091977F /* Resources */,
			);
			buildRules = (
			);
			dependencies = (
				AA340BF728F7602D0091977F /* PBXTargetDependency */,
			);
			name = EmployeeDirectoryTests;
			productName = EmployeeDirectoryTests;
			productReference = AA340BF528F7602D0091977F /* EmployeeDirectoryTests.xctest */;
			productType = "com.apple.product-type.bundle.unit-test";
		};
		AA340BFE28F7602E0091977F /* EmployeeDirectoryUITests */ = {
			isa = PBXNativeTarget;
			buildConfigurationList = AA340C0F28F7602E0091977F /* Build configuration list for PBXNativeTarget "EmployeeDirectoryUITests" */;
			buildPhases = (
				AA340BFB28F7602E0091977F /* Sources */,
				AA340BFC28F7602E0091977F /* Frameworks */,
				AA340BFD28F7602E0091977F /* Resources */,
			);
			buildRules = (
			);
			dependencies = (
				AA340C0128F7602E0091977F /* PBXTargetDependency */,
			);
			name = EmployeeDirectoryUITests;
			productName = EmployeeDirectoryUITests;
			productReference = AA340BFF28F7602E0091977F /* EmployeeDirectoryUITests.xctest */;
			productType = "com.apple.product-type.bundle.ui-testing";
		};
/* End PBXNativeTarget section */

/* Begin PBXProject section */
		AA340BD728F760290091977F /* Project object */ = {
			isa = PBXProject;
			attributes = {
				BuildIndependentTargetsInParallel = 1;
				LastSwiftUpdateCheck = 1320;
				LastUpgradeCheck = 1320;
				TargetAttributes = {
					AA340BDE28F760290091977F = {
						CreatedOnToolsVersion = 13.2.1;
					};
					AA340BF428F7602D0091977F = {
						CreatedOnToolsVersion = 13.2.1;
						TestTargetID = AA340BDE28F760290091977F;
					};
					AA340BFE28F7602E0091977F = {
						CreatedOnToolsVersion = 13.2.1;
						TestTargetID = AA340BDE28F760290091977F;
					};
				};
			};
			buildConfigurationList = AA340BDA28F760290091977F /* Build configuration list for PBXProject "EmployeeDirectory" */;
			compatibilityVersion = "Xcode 13.0";
			developmentRegion = en;
			hasScannedForEncodings = 0;
			knownRegions = (
				en,
				Base,
			);
			mainGroup = AA340BD628F760290091977F;
			packageReferences = (
				3C8E145728FCF5AF00C5DEB5 /* XCRemoteSwiftPackageReference "Kingfisher" */,
			);
			productRefGroup = AA340BE028F760290091977F /* Products */;
			projectDirPath = "";
			projectRoot = "";
			targets = (
				AA340BDE28F760290091977F /* EmployeeDirectory */,
				AA340BF428F7602D0091977F /* EmployeeDirectoryTests */,
				AA340BFE28F7602E0091977F /* EmployeeDirectoryUITests */,
			);
		};
/* End PBXProject section */

/* Begin PBXResourcesBuildPhase section */
		AA340BDD28F760290091977F /* Resources */ = {
			isa = PBXResourcesBuildPhase;
			buildActionMask = 2147483647;
			files = (
				AA340BEF28F7602D0091977F /* LaunchScreen.storyboard in Resources */,
				AA340BEC28F7602D0091977F /* Assets.xcassets in Resources */,
				AA340BEA28F760290091977F /* Main.storyboard in Resources */,
			);
			runOnlyForDeploymentPostprocessing = 0;
		};
		AA340BF328F7602D0091977F /* Resources */ = {
			isa = PBXResourcesBuildPhase;
			buildActionMask = 2147483647;
			files = (
			);
			runOnlyForDeploymentPostprocessing = 0;
		};
		AA340BFD28F7602E0091977F /* Resources */ = {
			isa = PBXResourcesBuildPhase;
			buildActionMask = 2147483647;
			files = (
			);
			runOnlyForDeploymentPostprocessing = 0;
		};
/* End PBXResourcesBuildPhase section */

/* Begin PBXSourcesBuildPhase section */
		AA340BDB28F760290091977F /* Sources */ = {
			isa = PBXSourcesBuildPhase;
			buildActionMask = 2147483647;
			files = (
				AA340C2228F77CFD0091977F /* EmployeeInfoViewController.swift in Sources */,
				3CCBB49F28F9A40D005F87A4 /* ImageCache.swift in Sources */,
				AA340C1828F7642F0091977F /* EmployeeInfoModel.swift in Sources */,
				AA340C1428F761550091977F /* APIManager.swift in Sources */,
				AA340BE728F760290091977F /* ViewController.swift in Sources */,
				AA340C1E28F773080091977F /* EmployeeListTableViewCell.swift in Sources */,
				AA340BE328F760290091977F /* AppDelegate.swift in Sources */,
				AA340BE528F760290091977F /* SceneDelegate.swift in Sources */,
				3CCBB4A328F9A495005F87A4 /* ImageURLProtocol.swift in Sources */,
				AA340C2028F776710091977F /* EmployeeViewModel.swift in Sources */,
				3CCBB49A28F9986E005F87A4 /* NetworkErrors.swift in Sources */,
				3CCBB49828F9966C005F87A4 /* NetworkLayer.swift in Sources */,
				3CCBB4A128F9A436005F87A4 /* ImageItem.swift in Sources */,
				AA340C1B28F767690091977F /* Constants.swift in Sources */,
			);
			runOnlyForDeploymentPostprocessing = 0;
		};
		AA340BF128F7602D0091977F /* Sources */ = {
			isa = PBXSourcesBuildPhase;
			buildActionMask = 2147483647;
			files = (
				AA340BFA28F7602D0091977F /* EmployeeDirectoryTests.swift in Sources */,
			);
			runOnlyForDeploymentPostprocessing = 0;
		};
		AA340BFB28F7602E0091977F /* Sources */ = {
			isa = PBXSourcesBuildPhase;
			buildActionMask = 2147483647;
			files = (
				AA340C0628F7602E0091977F /* EmployeeDirectoryUITestsLaunchTests.swift in Sources */,
				AA340C0428F7602E0091977F /* EmployeeDirectoryUITests.swift in Sources */,
			);
			runOnlyForDeploymentPostprocessing = 0;
		};
/* End PBXSourcesBuildPhase section */

/* Begin PBXTargetDependency section */
		AA340BF728F7602D0091977F /* PBXTargetDependency */ = {
			isa = PBXTargetDependency;
			target = AA340BDE28F760290091977F /* EmployeeDirectory */;
			targetProxy = AA340BF628F7602D0091977F /* PBXContainerItemProxy */;
		};
		AA340C0128F7602E0091977F /* PBXTargetDependency */ = {
			isa = PBXTargetDependency;
			target = AA340BDE28F760290091977F /* EmployeeDirectory */;
			targetProxy = AA340C0028F7602E0091977F /* PBXContainerItemProxy */;
		};
/* End PBXTargetDependency section */

/* Begin PBXVariantGroup section */
		AA340BE828F760290091977F /* Main.storyboard */ = {
			isa = PBXVariantGroup;
			children = (
				AA340BE928F760290091977F /* Base */,
			);
			name = Main.storyboard;
			sourceTree = "<group>";
		};
		AA340BED28F7602D0091977F /* LaunchScreen.storyboard */ = {
			isa = PBXVariantGroup;
			children = (
				AA340BEE28F7602D0091977F /* Base */,
			);
			name = LaunchScreen.storyboard;
			sourceTree = "<group>";
		};
/* End PBXVariantGroup section */

/* Begin XCBuildConfiguration section */
		AA340C0728F7602E0091977F /* Debug */ = {
			isa = XCBuildConfiguration;
			buildSettings = {
				ALWAYS_SEARCH_USER_PATHS = NO;
				CLANG_ANALYZER_NONNULL = YES;
				CLANG_ANALYZER_NUMBER_OBJECT_CONVERSION = YES_AGGRESSIVE;
				CLANG_CXX_LANGUAGE_STANDARD = "gnu++17";
				CLANG_CXX_LIBRARY = "libc++";
				CLANG_ENABLE_MODULES = YES;
				CLANG_ENABLE_OBJC_ARC = YES;
				CLANG_ENABLE_OBJC_WEAK = YES;
				CLANG_WARN_BLOCK_CAPTURE_AUTORELEASING = YES;
				CLANG_WARN_BOOL_CONVERSION = YES;
				CLANG_WARN_COMMA = YES;
				CLANG_WARN_CONSTANT_CONVERSION = YES;
				CLANG_WARN_DEPRECATED_OBJC_IMPLEMENTATIONS = YES;
				CLANG_WARN_DIRECT_OBJC_ISA_USAGE = YES_ERROR;
				CLANG_WARN_DOCUMENTATION_COMMENTS = YES;
				CLANG_WARN_EMPTY_BODY = YES;
				CLANG_WARN_ENUM_CONVERSION = YES;
				CLANG_WARN_INFINITE_RECURSION = YES;
				CLANG_WARN_INT_CONVERSION = YES;
				CLANG_WARN_NON_LITERAL_NULL_CONVERSION = YES;
				CLANG_WARN_OBJC_IMPLICIT_RETAIN_SELF = YES;
				CLANG_WARN_OBJC_LITERAL_CONVERSION = YES;
				CLANG_WARN_OBJC_ROOT_CLASS = YES_ERROR;
				CLANG_WARN_QUOTED_INCLUDE_IN_FRAMEWORK_HEADER = YES;
				CLANG_WARN_RANGE_LOOP_ANALYSIS = YES;
				CLANG_WARN_STRICT_PROTOTYPES = YES;
				CLANG_WARN_SUSPICIOUS_MOVE = YES;
				CLANG_WARN_UNGUARDED_AVAILABILITY = YES_AGGRESSIVE;
				CLANG_WARN_UNREACHABLE_CODE = YES;
				CLANG_WARN__DUPLICATE_METHOD_MATCH = YES;
				COPY_PHASE_STRIP = NO;
				DEBUG_INFORMATION_FORMAT = dwarf;
				ENABLE_STRICT_OBJC_MSGSEND = YES;
				ENABLE_TESTABILITY = YES;
				GCC_C_LANGUAGE_STANDARD = gnu11;
				GCC_DYNAMIC_NO_PIC = NO;
				GCC_NO_COMMON_BLOCKS = YES;
				GCC_OPTIMIZATION_LEVEL = 0;
				GCC_PREPROCESSOR_DEFINITIONS = (
					"DEBUG=1",
					"$(inherited)",
				);
				GCC_WARN_64_TO_32_BIT_CONVERSION = YES;
				GCC_WARN_ABOUT_RETURN_TYPE = YES_ERROR;
				GCC_WARN_UNDECLARED_SELECTOR = YES;
				GCC_WARN_UNINITIALIZED_AUTOS = YES_AGGRESSIVE;
				GCC_WARN_UNUSED_FUNCTION = YES;
				GCC_WARN_UNUSED_VARIABLE = YES;
				IPHONEOS_DEPLOYMENT_TARGET = 15.2;
				MTL_ENABLE_DEBUG_INFO = INCLUDE_SOURCE;
				MTL_FAST_MATH = YES;
				ONLY_ACTIVE_ARCH = YES;
				SDKROOT = iphoneos;
				SWIFT_ACTIVE_COMPILATION_CONDITIONS = DEBUG;
				SWIFT_OPTIMIZATION_LEVEL = "-Onone";
			};
			name = Debug;
		};
		AA340C0828F7602E0091977F /* Release */ = {
			isa = XCBuildConfiguration;
			buildSettings = {
				ALWAYS_SEARCH_USER_PATHS = NO;
				CLANG_ANALYZER_NONNULL = YES;
				CLANG_ANALYZER_NUMBER_OBJECT_CONVERSION = YES_AGGRESSIVE;
				CLANG_CXX_LANGUAGE_STANDARD = "gnu++17";
				CLANG_CXX_LIBRARY = "libc++";
				CLANG_ENABLE_MODULES = YES;
				CLANG_ENABLE_OBJC_ARC = YES;
				CLANG_ENABLE_OBJC_WEAK = YES;
				CLANG_WARN_BLOCK_CAPTURE_AUTORELEASING = YES;
				CLANG_WARN_BOOL_CONVERSION = YES;
				CLANG_WARN_COMMA = YES;
				CLANG_WARN_CONSTANT_CONVERSION = YES;
				CLANG_WARN_DEPRECATED_OBJC_IMPLEMENTATIONS = YES;
				CLANG_WARN_DIRECT_OBJC_ISA_USAGE = YES_ERROR;
				CLANG_WARN_DOCUMENTATION_COMMENTS = YES;
				CLANG_WARN_EMPTY_BODY = YES;
				CLANG_WARN_ENUM_CONVERSION = YES;
				CLANG_WARN_INFINITE_RECURSION = YES;
				CLANG_WARN_INT_CONVERSION = YES;
				CLANG_WARN_NON_LITERAL_NULL_CONVERSION = YES;
				CLANG_WARN_OBJC_IMPLICIT_RETAIN_SELF = YES;
				CLANG_WARN_OBJC_LITERAL_CONVERSION = YES;
				CLANG_WARN_OBJC_ROOT_CLASS = YES_ERROR;
				CLANG_WARN_QUOTED_INCLUDE_IN_FRAMEWORK_HEADER = YES;
				CLANG_WARN_RANGE_LOOP_ANALYSIS = YES;
				CLANG_WARN_STRICT_PROTOTYPES = YES;
				CLANG_WARN_SUSPICIOUS_MOVE = YES;
				CLANG_WARN_UNGUARDED_AVAILABILITY = YES_AGGRESSIVE;
				CLANG_WARN_UNREACHABLE_CODE = YES;
				CLANG_WARN__DUPLICATE_METHOD_MATCH = YES;
				COPY_PHASE_STRIP = NO;
				DEBUG_INFORMATION_FORMAT = "dwarf-with-dsym";
				ENABLE_NS_ASSERTIONS = NO;
				ENABLE_STRICT_OBJC_MSGSEND = YES;
				GCC_C_LANGUAGE_STANDARD = gnu11;
				GCC_NO_COMMON_BLOCKS = YES;
				GCC_WARN_64_TO_32_BIT_CONVERSION = YES;
				GCC_WARN_ABOUT_RETURN_TYPE = YES_ERROR;
				GCC_WARN_UNDECLARED_SELECTOR = YES;
				GCC_WARN_UNINITIALIZED_AUTOS = YES_AGGRESSIVE;
				GCC_WARN_UNUSED_FUNCTION = YES;
				GCC_WARN_UNUSED_VARIABLE = YES;
				IPHONEOS_DEPLOYMENT_TARGET = 15.2;
				MTL_ENABLE_DEBUG_INFO = NO;
				MTL_FAST_MATH = YES;
				SDKROOT = iphoneos;
				SWIFT_COMPILATION_MODE = wholemodule;
				SWIFT_OPTIMIZATION_LEVEL = "-O";
				VALIDATE_PRODUCT = YES;
			};
			name = Release;
		};
		AA340C0A28F7602E0091977F /* Debug */ = {
			isa = XCBuildConfiguration;
			buildSettings = {
				ASSETCATALOG_COMPILER_APPICON_NAME = AppIcon;
				ASSETCATALOG_COMPILER_GLOBAL_ACCENT_COLOR_NAME = AccentColor;
				CODE_SIGN_STYLE = Automatic;
				CURRENT_PROJECT_VERSION = 1;
				DEVELOPMENT_TEAM = R9X7MU432G;
				GENERATE_INFOPLIST_FILE = YES;
				INFOPLIST_FILE = EmployeeDirectory/Info.plist;
				INFOPLIST_KEY_UIApplicationSupportsIndirectInputEvents = YES;
				INFOPLIST_KEY_UILaunchStoryboardName = LaunchScreen;
				INFOPLIST_KEY_UIMainStoryboardFile = Main;
				INFOPLIST_KEY_UISupportedInterfaceOrientations_iPad = "UIInterfaceOrientationPortrait UIInterfaceOrientationPortraitUpsideDown UIInterfaceOrientationLandscapeLeft UIInterfaceOrientationLandscapeRight";
				INFOPLIST_KEY_UISupportedInterfaceOrientations_iPhone = "UIInterfaceOrientationPortrait UIInterfaceOrientationLandscapeLeft UIInterfaceOrientationLandscapeRight";
				LD_RUNPATH_SEARCH_PATHS = (
					"$(inherited)",
					"@executable_path/Frameworks",
				);
				MARKETING_VERSION = 1.0;
				PRODUCT_BUNDLE_IDENTIFIER = com.employeeInfo.employeeInfo.EmployeeDirectory;
				PRODUCT_NAME = "$(TARGET_NAME)";
				SWIFT_EMIT_LOC_STRINGS = YES;
				SWIFT_VERSION = 5.0;
				TARGETED_DEVICE_FAMILY = "1,2";
			};
			name = Debug;
		};
		AA340C0B28F7602E0091977F /* Release */ = {
			isa = XCBuildConfiguration;
			buildSettings = {
				ASSETCATALOG_COMPILER_APPICON_NAME = AppIcon;
				ASSETCATALOG_COMPILER_GLOBAL_ACCENT_COLOR_NAME = AccentColor;
				CODE_SIGN_STYLE = Automatic;
				CURRENT_PROJECT_VERSION = 1;
				DEVELOPMENT_TEAM = R9X7MU432G;
				GENERATE_INFOPLIST_FILE = YES;
				INFOPLIST_FILE = EmployeeDirectory/Info.plist;
				INFOPLIST_KEY_UIApplicationSupportsIndirectInputEvents = YES;
				INFOPLIST_KEY_UILaunchStoryboardName = LaunchScreen;
				INFOPLIST_KEY_UIMainStoryboardFile = Main;
				INFOPLIST_KEY_UISupportedInterfaceOrientations_iPad = "UIInterfaceOrientationPortrait UIInterfaceOrientationPortraitUpsideDown UIInterfaceOrientationLandscapeLeft UIInterfaceOrientationLandscapeRight";
				INFOPLIST_KEY_UISupportedInterfaceOrientations_iPhone = "UIInterfaceOrientationPortrait UIInterfaceOrientationLandscapeLeft UIInterfaceOrientationLandscapeRight";
				LD_RUNPATH_SEARCH_PATHS = (
					"$(inherited)",
					"@executable_path/Frameworks",
				);
				MARKETING_VERSION = 1.0;
				PRODUCT_BUNDLE_IDENTIFIER = com.employeeInfo.employeeInfo.EmployeeDirectory;
				PRODUCT_NAME = "$(TARGET_NAME)";
				SWIFT_EMIT_LOC_STRINGS = YES;
				SWIFT_VERSION = 5.0;
				TARGETED_DEVICE_FAMILY = "1,2";
			};
			name = Release;
		};
		AA340C0D28F7602E0091977F /* Debug */ = {
			isa = XCBuildConfiguration;
			buildSettings = {
				ALWAYS_EMBED_SWIFT_STANDARD_LIBRARIES = YES;
				BUNDLE_LOADER = "$(TEST_HOST)";
				CODE_SIGN_STYLE = Automatic;
				CURRENT_PROJECT_VERSION = 1;
				DEVELOPMENT_TEAM = R9X7MU432G;
				GENERATE_INFOPLIST_FILE = YES;
				IPHONEOS_DEPLOYMENT_TARGET = 15.2;
				MARKETING_VERSION = 1.0;
				PRODUCT_BUNDLE_IDENTIFIER = com.employeeInfo.employeeInfo.EmployeeDirectoryTests;
				PRODUCT_NAME = "$(TARGET_NAME)";
				SWIFT_EMIT_LOC_STRINGS = NO;
				SWIFT_VERSION = 5.0;
				TARGETED_DEVICE_FAMILY = "1,2";
				TEST_HOST = "$(BUILT_PRODUCTS_DIR)/EmployeeDirectory.app/EmployeeDirectory";
			};
			name = Debug;
		};
		AA340C0E28F7602E0091977F /* Release */ = {
			isa = XCBuildConfiguration;
			buildSettings = {
				ALWAYS_EMBED_SWIFT_STANDARD_LIBRARIES = YES;
				BUNDLE_LOADER = "$(TEST_HOST)";
				CODE_SIGN_STYLE = Automatic;
				CURRENT_PROJECT_VERSION = 1;
				DEVELOPMENT_TEAM = R9X7MU432G;
				GENERATE_INFOPLIST_FILE = YES;
				IPHONEOS_DEPLOYMENT_TARGET = 15.2;
				MARKETING_VERSION = 1.0;
				PRODUCT_BUNDLE_IDENTIFIER = com.employeeInfo.employeeInfo.EmployeeDirectoryTests;
				PRODUCT_NAME = "$(TARGET_NAME)";
				SWIFT_EMIT_LOC_STRINGS = NO;
				SWIFT_VERSION = 5.0;
				TARGETED_DEVICE_FAMILY = "1,2";
				TEST_HOST = "$(BUILT_PRODUCTS_DIR)/EmployeeDirectory.app/EmployeeDirectory";
			};
			name = Release;
		};
		AA340C1028F7602E0091977F /* Debug */ = {
			isa = XCBuildConfiguration;
			buildSettings = {
				ALWAYS_EMBED_SWIFT_STANDARD_LIBRARIES = YES;
				CODE_SIGN_STYLE = Automatic;
				CURRENT_PROJECT_VERSION = 1;
				DEVELOPMENT_TEAM = R9X7MU432G;
				GENERATE_INFOPLIST_FILE = YES;
				MARKETING_VERSION = 1.0;
				PRODUCT_BUNDLE_IDENTIFIER = com.employeeInfo.employeeInfo.EmployeeDirectoryUITests;
				PRODUCT_NAME = "$(TARGET_NAME)";
				SWIFT_EMIT_LOC_STRINGS = NO;
				SWIFT_VERSION = 5.0;
				TARGETED_DEVICE_FAMILY = "1,2";
				TEST_TARGET_NAME = EmployeeDirectory;
			};
			name = Debug;
		};
		AA340C1128F7602E0091977F /* Release */ = {
			isa = XCBuildConfiguration;
			buildSettings = {
				ALWAYS_EMBED_SWIFT_STANDARD_LIBRARIES = YES;
				CODE_SIGN_STYLE = Automatic;
				CURRENT_PROJECT_VERSION = 1;
				DEVELOPMENT_TEAM = R9X7MU432G;
				GENERATE_INFOPLIST_FILE = YES;
				MARKETING_VERSION = 1.0;
				PRODUCT_BUNDLE_IDENTIFIER = com.employeeInfo.employeeInfo.EmployeeDirectoryUITests;
				PRODUCT_NAME = "$(TARGET_NAME)";
				SWIFT_EMIT_LOC_STRINGS = NO;
				SWIFT_VERSION = 5.0;
				TARGETED_DEVICE_FAMILY = "1,2";
				TEST_TARGET_NAME = EmployeeDirectory;
			};
			name = Release;
		};
/* End XCBuildConfiguration section */

/* Begin XCConfigurationList section */
		AA340BDA28F760290091977F /* Build configuration list for PBXProject "EmployeeDirectory" */ = {
			isa = XCConfigurationList;
			buildConfigurations = (
				AA340C0728F7602E0091977F /* Debug */,
				AA340C0828F7602E0091977F /* Release */,
			);
			defaultConfigurationIsVisible = 0;
			defaultConfigurationName = Release;
		};
		AA340C0928F7602E0091977F /* Build configuration list for PBXNativeTarget "EmployeeDirectory" */ = {
			isa = XCConfigurationList;
			buildConfigurations = (
				AA340C0A28F7602E0091977F /* Debug */,
				AA340C0B28F7602E0091977F /* Release */,
			);
			defaultConfigurationIsVisible = 0;
			defaultConfigurationName = Release;
		};
		AA340C0C28F7602E0091977F /* Build configuration list for PBXNativeTarget "EmployeeDirectoryTests" */ = {
			isa = XCConfigurationList;
			buildConfigurations = (
				AA340C0D28F7602E0091977F /* Debug */,
				AA340C0E28F7602E0091977F /* Release */,
			);
			defaultConfigurationIsVisible = 0;
			defaultConfigurationName = Release;
		};
		AA340C0F28F7602E0091977F /* Build configuration list for PBXNativeTarget "EmployeeDirectoryUITests" */ = {
			isa = XCConfigurationList;
			buildConfigurations = (
				AA340C1028F7602E0091977F /* Debug */,
				AA340C1128F7602E0091977F /* Release */,
			);
			defaultConfigurationIsVisible = 0;
			defaultConfigurationName = Release;
		};
/* End XCConfigurationList section */

/* Begin XCRemoteSwiftPackageReference section */
		3C8E145728FCF5AF00C5DEB5 /* XCRemoteSwiftPackageReference "Kingfisher" */ = {
			isa = XCRemoteSwiftPackageReference;
			repositoryURL = "https://github.com/onevcat/Kingfisher";
			requirement = {
				kind = upToNextMajorVersion;
				minimumVersion = 7.0.0;
			};
		};
/* End XCRemoteSwiftPackageReference section */

/* Begin XCSwiftPackageProductDependency section */
		3C8E145828FCF5AF00C5DEB5 /* Kingfisher */ = {
			isa = XCSwiftPackageProductDependency;
			package = 3C8E145728FCF5AF00C5DEB5 /* XCRemoteSwiftPackageReference "Kingfisher" */;
			productName = Kingfisher;
		};
/* End XCSwiftPackageProductDependency section */
	};
	rootObject = AA340BD728F760290091977F /* Project object */;
}
